{
  "name": "responsivegallery",
  "version": "1.0.0",
  "lockfileVersion": 1,
  "requires": true,
  "dependencies": {
    "bulma": {
      "version": "0.3.2",
      "resolved": "https://registry.npmjs.org/bulma/-/bulma-0.3.2.tgz",
      "integrity": "sha1-LB+mra8qMfR6FCwRhW8tsnvGOMk="
    },
    "install": {
      "version": "0.8.9",
      "resolved": "https://registry.npmjs.org/install/-/install-0.8.9.tgz",
      "integrity": "sha1-n0tcDRhR74cunfheT3Fi1OXc2+0="
    },
    "jquery": {
      "version": "3.3.1",
      "resolved": "https://registry.npmjs.org/jquery/-/jquery-3.3.1.tgz",
      "integrity": "sha512-Ubldcmxp5np52/ENotGxlLe6aGMvmF4R8S6tZjsP6Knsaxd/xp3Zrh50cG93lR6nPXyUFwzN3ZSOQI0wRJNdGg=="
    }
  }
}
